
Microsoft Visual Studio Solution File, Format Version 12.00
# Visual Studio 15
VisualStudioVersion = 15.0.26730.12
MinimumVisualStudioVersion = 10.0.40219.1
Project("{9A19103F-16F7-4668-BE54-9A1E7A4F7556}") = "Web", "src\Web\Web.csproj", "{1A255A70-3324-4F06-A446-E55C138A108B}"
EndProject
Project("{9A19103F-16F7-4668-BE54-9A1E7A4F7556}") = "Tests", "src\Tests\Tests.csproj", "{DC7DA57E-D67D-4439-B5CA-B34292E28D32}"
EndProject
Project("{FAE04EC0-301F-11D3-BF4B-00C04F79EFBC}") = "Recorder", "src\Recorder\Recorder.csproj", "{1B994ED0-3C0D-44BF-91CB-758EDBBE459C}"
EndProject
Global
	GlobalSection(SolutionConfigurationPlatforms) = preSolution
		Debug|Any CPU = Debug|Any CPU
		Debug|x64 = Debug|x64
		Release|Any CPU = Release|Any CPU
		Release|x64 = Release|x64
	EndGlobalSection
	GlobalSection(ProjectConfigurationPlatforms) = postSolution
		{1A255A70-3324-4F06-A446-E55C138A108B}.Debug|Any CPU.ActiveCfg = Debug|Any CPU
		{1A255A70-3324-4F06-A446-E55C138A108B}.Debug|Any CPU.Build.0 = Debug|Any CPU
		{1A255A70-3324-4F06-A446-E55C138A108B}.Debug|x64.ActiveCfg = Debug|Any CPU
		{1A255A70-3324-4F06-A446-E55C138A108B}.Debug|x64.Build.0 = Debug|Any CPU
		{1A255A70-3324-4F06-A446-E55C138A108B}.Release|Any CPU.ActiveCfg = Release|Any CPU
		{1A255A70-3324-4F06-A446-E55C138A108B}.Release|Any CPU.Build.0 = Release|Any CPU
		{1A255A70-3324-4F06-A446-E55C138A108B}.Release|x64.ActiveCfg = Release|Any CPU
		{1A255A70-3324-4F06-A446-E55C138A108B}.Release|x64.Build.0 = Release|Any CPU
		{DC7DA57E-D67D-4439-B5CA-B34292E28D32}.Debug|Any CPU.ActiveCfg = Debug|Any CPU
		{DC7DA57E-D67D-4439-B5CA-B34292E28D32}.Debug|Any CPU.Build.0 = Debug|Any CPU
		{DC7DA57E-D67D-4439-B5CA-B34292E28D32}.Debug|x64.ActiveCfg = Debug|Any CPU
		{DC7DA57E-D67D-4439-B5CA-B34292E28D32}.Debug|x64.Build.0 = Debug|Any CPU
		{DC7DA57E-D67D-4439-B5CA-B34292E28D32}.Release|Any CPU.ActiveCfg = Release|Any CPU
		{DC7DA57E-D67D-4439-B5CA-B34292E28D32}.Release|Any CPU.Build.0 = Release|Any CPU
		{DC7DA57E-D67D-4439-B5CA-B34292E28D32}.Release|x64.ActiveCfg = Release|Any CPU
		{DC7DA57E-D67D-4439-B5CA-B34292E28D32}.Release|x64.Build.0 = Release|Any CPU
		{1B994ED0-3C0D-44BF-91CB-758EDBBE459C}.Debug|Any CPU.ActiveCfg = Debug|Any CPU
		{1B994ED0-3C0D-44BF-91CB-758EDBBE459C}.Debug|Any CPU.Build.0 = Debug|Any CPU
		{1B994ED0-3C0D-44BF-91CB-758EDBBE459C}.Debug|x64.ActiveCfg = Debug|Any CPU
		{1B994ED0-3C0D-44BF-91CB-758EDBBE459C}.Debug|x64.Build.0 = Debug|Any CPU
		{1B994ED0-3C0D-44BF-91CB-758EDBBE459C}.Release|Any CPU.ActiveCfg = Release|Any CPU
		{1B994ED0-3C0D-44BF-91CB-758EDBBE459C}.Release|Any CPU.Build.0 = Release|Any CPU
		{1B994ED0-3C0D-44BF-91CB-758EDBBE459C}.Release|x64.ActiveCfg = Release|Any CPU
		{1B994ED0-3C0D-44BF-91CB-758EDBBE459C}.Release|x64.Build.0 = Release|Any CPU
	EndGlobalSection
	GlobalSection(SolutionProperties) = preSolution
		HideSolutionNode = FALSE
	EndGlobalSection
	GlobalSection(ExtensibilityGlobals) = postSolution
		SolutionGuid = {B45CAC22-A3E2-4469-9B02-1D9520F547F6}
	EndGlobalSection
EndGlobal
